
Microsoft Visual Studio Solution File, Format Version 12.00
# Visual Studio Version 17
VisualStudioVersion = 17.8.34330.188
MinimumVisualStudioVersion = 10.0.40219.1
Project("{FAE04EC0-301F-11D3-BF4B-00C04F79EFBC}") = "0.4-Döngüler, For, While", "0.4-Döngüler, For, While\0.4-Döngüler, For, While.csproj", "{97B00286-AEBE-48C0-839A-023E333B7A4B}"
EndProject
Global
	GlobalSection(SolutionConfigurationPlatforms) = preSolution
		Debug|Any CPU = Debug|Any CPU
		Release|Any CPU = Release|Any CPU
	EndGlobalSection
	GlobalSection(ProjectConfigurationPlatforms) = postSolution
		{97B00286-AEBE-48C0-839A-023E333B7A4B}.Debug|Any CPU.ActiveCfg = Debug|Any CPU
		{97B00286-AEBE-48C0-839A-023E333B7A4B}.Debug|Any CPU.Build.0 = Debug|Any CPU
		{97B00286-AEBE-48C0-839A-023E333B7A4B}.Release|Any CPU.ActiveCfg = Release|Any CPU
		{97B00286-AEBE-48C0-839A-023E333B7A4B}.Release|Any CPU.Build.0 = Release|Any CPU
	EndGlobalSection
	GlobalSection(SolutionProperties) = preSolution
		HideSolutionNode = FALSE
	EndGlobalSection
	GlobalSection(ExtensibilityGlobals) = postSolution
		SolutionGuid = {183DAEEA-360A-42AF-AAFB-B146CB081837}
	EndGlobalSection
EndGlobal
